
Microsoft Visual Studio Solution File, Format Version 12.00
# Visual Studio Version 17
VisualStudioVersion = 17.8.34309.116
MinimumVisualStudioVersion = 10.0.40219.1
Project("{FAE04EC0-301F-11D3-BF4B-00C04F79EFBC}") = "Ferrocarril", "Ferrocarril\Ferrocarril.csproj", "{8CE7D0FC-BC3A-4C1B-9549-59AD6FF58726}"
EndProject
Global
	GlobalSection(SolutionConfigurationPlatforms) = preSolution
		Debug|Any CPU = Debug|Any CPU
		Release|Any CPU = Release|Any CPU
	EndGlobalSection
	GlobalSection(ProjectConfigurationPlatforms) = postSolution
		{8CE7D0FC-BC3A-4C1B-9549-59AD6FF58726}.Debug|Any CPU.ActiveCfg = Debug|Any CPU
		{8CE7D0FC-BC3A-4C1B-9549-59AD6FF58726}.Debug|Any CPU.Build.0 = Debug|Any CPU
		{8CE7D0FC-BC3A-4C1B-9549-59AD6FF58726}.Release|Any CPU.ActiveCfg = Release|Any CPU
		{8CE7D0FC-BC3A-4C1B-9549-59AD6FF58726}.Release|Any CPU.Build.0 = Release|Any CPU
	EndGlobalSection
	GlobalSection(SolutionProperties) = preSolution
		HideSolutionNode = FALSE
	EndGlobalSection
	GlobalSection(ExtensibilityGlobals) = postSolution
		SolutionGuid = {8A3ACE00-E62B-40A1-AB20-87527CB99A64}
	EndGlobalSection
EndGlobal
